{
  "requires": true,
  "lockfileVersion": 1,
  "dependencies": {
    "mdbootstrap": {
      "version": "4.5.11",
      "resolved": "https://registry.npmjs.org/mdbootstrap/-/mdbootstrap-4.5.11.tgz",
      "integrity": "sha512-2Fppg0xcbUo+fxS/6vLH185rbQBQgEhvkpxnspTI9I4X1G+X1sEqvu0L46JqZeKR4BDS8wDqwvZh7fS/02ApgA=="
    }
  }
}
